
Microsoft Visual Studio Solution File, Format Version 12.00
# Visual Studio Version 16
VisualStudioVersion = 16.0.30330.147
MinimumVisualStudioVersion = 10.0.40219.1
Project("{9A19103F-16F7-4668-BE54-9A1E7A4F7556}") = "BlazorAppTopics", "BlazorAppTopics\BlazorAppTopics.csproj", "{02185776-1690-49AB-B4B0-490DC9DA5F82}"
EndProject
Project("{9A19103F-16F7-4668-BE54-9A1E7A4F7556}") = "BlazorComponents", "BlazorComponents\BlazorComponents.csproj", "{BE1B8519-38AF-4179-B337-59649BB28D4E}"
EndProject
Global
	GlobalSection(SolutionConfigurationPlatforms) = preSolution
		Debug|Any CPU = Debug|Any CPU
		Release|Any CPU = Release|Any CPU
	EndGlobalSection
	GlobalSection(ProjectConfigurationPlatforms) = postSolution
		{02185776-1690-49AB-B4B0-490DC9DA5F82}.Debug|Any CPU.ActiveCfg = Debug|Any CPU
		{02185776-1690-49AB-B4B0-490DC9DA5F82}.Debug|Any CPU.Build.0 = Debug|Any CPU
		{02185776-1690-49AB-B4B0-490DC9DA5F82}.Release|Any CPU.ActiveCfg = Release|Any CPU
		{02185776-1690-49AB-B4B0-490DC9DA5F82}.Release|Any CPU.Build.0 = Release|Any CPU
		{BE1B8519-38AF-4179-B337-59649BB28D4E}.Debug|Any CPU.ActiveCfg = Debug|Any CPU
		{BE1B8519-38AF-4179-B337-59649BB28D4E}.Debug|Any CPU.Build.0 = Debug|Any CPU
		{BE1B8519-38AF-4179-B337-59649BB28D4E}.Release|Any CPU.ActiveCfg = Release|Any CPU
		{BE1B8519-38AF-4179-B337-59649BB28D4E}.Release|Any CPU.Build.0 = Release|Any CPU
	EndGlobalSection
	GlobalSection(SolutionProperties) = preSolution
		HideSolutionNode = FALSE
	EndGlobalSection
	GlobalSection(ExtensibilityGlobals) = postSolution
		SolutionGuid = {EB837E83-648C-4D88-A261-A5BFCD7AC31B}
	EndGlobalSection
EndGlobal
